{
    "_readme": [
        "This file locks the dependencies of your project to a known state",
        "Read more about it at http://getcomposer.org/doc/01-basic-usage.md#composer-lock-the-lock-file"
    ],
    "hash": "f40cddb65951c53fdb2f13a523dca70f",
    "packages": [
        {
            "name": "pimple/pimple",
            "version": "1.1.x-dev",
            "source": {
                "type": "git",
                "url": "https://github.com/fabpot/Pimple.git",
                "reference": "2019c145fe393923f3441b23f29bbdfaa5c58c4d"
            },
            "dist": {
                "type": "zip",
                "url": "https://api.github.com/repos/fabpot/Pimple/zipball/2019c145fe393923f3441b23f29bbdfaa5c58c4d",
                "reference": "2019c145fe393923f3441b23f29bbdfaa5c58c4d",
                "shasum": ""
            },
            "require": {
                "php": ">=5.3.0"
            },
            "type": "library",
            "extra": {
                "branch-alias": {
                    "dev-master": "1.1.x-dev"
                }
            },
            "autoload": {
                "psr-0": {
                    "Pimple": "lib/"
                }
            },
            "notification-url": "https://packagist.org/downloads/",
            "license": [
                "MIT"
            ],
            "authors": [
                {
                    "name": "Fabien Potencier",
                    "email": "fabien@symfony.com"
                }
            ],
            "description": "Pimple is a simple Dependency Injection Container for PHP 5.3",
            "homepage": "http://pimple.sensiolabs.org",
            "keywords": [
                "container",
                "dependency injection"
            ],
            "time": "2013-11-22 08:30:29"
        },
        {
            "name": "psr/log",
            "version": "dev-master",
            "source": {
                "type": "git",
                "url": "https://github.com/php-fig/log.git",
                "reference": "a78d6504ff5d4367497785ab2ade91db3a9fbe11"
            },
            "dist": {
                "type": "zip",
                "url": "https://api.github.com/repos/php-fig/log/zipball/a78d6504ff5d4367497785ab2ade91db3a9fbe11",
                "reference": "a78d6504ff5d4367497785ab2ade91db3a9fbe11",
                "shasum": ""
            },
            "type": "library",
            "extra": {
                "branch-alias": {
                    "dev-master": "1.0.x-dev"
                }
            },
            "autoload": {
                "psr-0": {
                    "Psr\\Log\\": ""
                }
            },
            "notification-url": "https://packagist.org/downloads/",
            "license": [
                "MIT"
            ],
            "authors": [
                {
                    "name": "PHP-FIG",
                    "homepage": "http://www.php-fig.org/"
                }
            ],
            "description": "Common interface for logging libraries",
            "keywords": [
                "log",
                "psr",
                "psr-3"
            ],
            "time": "2014-01-18 15:33:09"
        },
        {
            "name": "silex/silex",
            "version": "dev-master",
            "source": {
                "type": "git",
                "url": "https://github.com/silexphp/Silex.git",
                "reference": "68f9b2a9d2f2eb62f0198f68ab6255c9a0c85b09"
            },
            "dist": {
                "type": "zip",
                "url": "https://api.github.com/repos/silexphp/Silex/zipball/68f9b2a9d2f2eb62f0198f68ab6255c9a0c85b09",
                "reference": "68f9b2a9d2f2eb62f0198f68ab6255c9a0c85b09",
                "shasum": ""
            },
            "require": {
                "php": ">=5.3.3",
                "pimple/pimple": "~1.0",
                "symfony/event-dispatcher": ">=2.3,<2.6-dev",
                "symfony/http-foundation": ">=2.3,<2.6-dev",
                "symfony/http-kernel": ">=2.3,<2.6-dev",
                "symfony/routing": ">=2.3,<2.6-dev"
            },
            "require-dev": {
                "doctrine/dbal": "~2.2",
                "monolog/monolog": "~1.4,>=1.4.1",
                "phpunit/phpunit": "~3.7",
                "swiftmailer/swiftmailer": "5.*",
                "symfony/browser-kit": ">=2.3,<2.6-dev",
                "symfony/config": ">=2.3,<2.6-dev",
                "symfony/css-selector": ">=2.3,<2.6-dev",
                "symfony/debug": ">=2.3,<2.6-dev",
                "symfony/dom-crawler": ">=2.3,<2.6-dev",
                "symfony/finder": ">=2.3,<2.6-dev",
                "symfony/form": ">=2.3,<2.6-dev",
                "symfony/locale": ">=2.3,<2.6-dev",
                "symfony/monolog-bridge": ">=2.3,<2.6-dev",
                "symfony/options-resolver": ">=2.3,<2.6-dev",
                "symfony/process": ">=2.3,<2.6-dev",
                "symfony/security": ">=2.3,<2.6-dev",
                "symfony/serializer": ">=2.3,<2.6-dev",
                "symfony/translation": ">=2.3,<2.6-dev",
                "symfony/twig-bridge": ">=2.3,<2.6-dev",
                "symfony/validator": ">=2.3,<2.6-dev",
                "twig/twig": ">=1.8.0,<2.0-dev"
            },
            "suggest": {
                "symfony/browser-kit": ">=2.3,<2.6-dev",
                "symfony/css-selector": ">=2.3,<2.6-dev",
                "symfony/dom-crawler": ">=2.3,<2.6-dev",
                "symfony/form": ">=2.3,<2.6-dev"
            },
            "type": "library",
            "extra": {
                "branch-alias": {
                    "dev-master": "1.2.x-dev"
                }
            },
            "autoload": {
                "psr-0": {
                    "Silex": "src/"
                }
            },
            "notification-url": "https://packagist.org/downloads/",
            "license": [
                "MIT"
            ],
            "authors": [
                {
                    "name": "Fabien Potencier",
                    "email": "fabien@symfony.com"
                },
                {
                    "name": "Igor Wiedler",
                    "email": "igor@wiedler.ch",
                    "homepage": "http://wiedler.ch/igor/"
                }
            ],
            "description": "The PHP micro-framework based on the Symfony2 Components",
            "homepage": "http://silex.sensiolabs.org",
            "keywords": [
                "microframework"
            ],
            "time": "2014-01-21 05:19:08"
        },
        {
            "name": "symfony/debug",
            "version": "dev-master",
            "target-dir": "Symfony/Component/Debug",
            "source": {
                "type": "git",
                "url": "https://github.com/symfony/Debug.git",
                "reference": "ffad875704e293f196a72dcddcc313c8eccf4c9a"
            },
            "dist": {
                "type": "zip",
                "url": "https://api.github.com/repos/symfony/Debug/zipball/ffad875704e293f196a72dcddcc313c8eccf4c9a",
                "reference": "ffad875704e293f196a72dcddcc313c8eccf4c9a",
                "shasum": ""
            },
            "require": {
                "php": ">=5.3.3"
            },
            "require-dev": {
                "symfony/http-foundation": "~2.1",
                "symfony/http-kernel": "~2.1"
            },
            "suggest": {
                "symfony/http-foundation": "",
                "symfony/http-kernel": ""
            },
            "type": "library",
            "extra": {
                "branch-alias": {
                    "dev-master": "2.5-dev"
                }
            },
            "autoload": {
                "psr-0": {
                    "Symfony\\Component\\Debug\\": ""
                }
            },
            "notification-url": "https://packagist.org/downloads/",
            "license": [
                "MIT"
            ],
            "authors": [
                {
                    "name": "Fabien Potencier",
                    "email": "fabien@symfony.com"
                },
                {
                    "name": "Symfony Community",
                    "homepage": "http://symfony.com/contributors"
                }
            ],
            "description": "Symfony Debug Component",
            "homepage": "http://symfony.com",
            "time": "2014-01-07 13:29:57"
        },
        {
            "name": "symfony/event-dispatcher",
            "version": "dev-master",
            "target-dir": "Symfony/Component/EventDispatcher",
            "source": {
                "type": "git",
                "url": "https://github.com/symfony/EventDispatcher.git",
                "reference": "a37a9430e2eafb6a66de240ac13f91b45b4c3d37"
            },
            "dist": {
                "type": "zip",
                "url": "https://api.github.com/repos/symfony/EventDispatcher/zipball/a37a9430e2eafb6a66de240ac13f91b45b4c3d37",
                "reference": "a37a9430e2eafb6a66de240ac13f91b45b4c3d37",
                "shasum": ""
            },
            "require": {
                "php": ">=5.3.3"
            },
            "require-dev": {
                "psr/log": "~1.0",
                "symfony/dependency-injection": "~2.0",
                "symfony/stopwatch": "~2.2"
            },
            "suggest": {
                "symfony/dependency-injection": "",
                "symfony/http-kernel": ""
            },
            "type": "library",
            "extra": {
                "branch-alias": {
                    "dev-master": "2.5-dev"
                }
            },
            "autoload": {
                "psr-0": {
                    "Symfony\\Component\\EventDispatcher\\": ""
                }
            },
            "notification-url": "https://packagist.org/downloads/",
            "license": [
                "MIT"
            ],
            "authors": [
                {
                    "name": "Fabien Potencier",
                    "email": "fabien@symfony.com"
                },
                {
                    "name": "Symfony Community",
                    "homepage": "http://symfony.com/contributors"
                }
            ],
            "description": "Symfony EventDispatcher Component",
            "homepage": "http://symfony.com",
            "time": "2014-01-07 13:29:57"
        },
        {
            "name": "symfony/http-foundation",
            "version": "dev-master",
            "target-dir": "Symfony/Component/HttpFoundation",
            "source": {
                "type": "git",
                "url": "https://github.com/symfony/HttpFoundation.git",
                "reference": "15b10d4638fa232b2f9373d51213419ab511e816"
            },
            "dist": {
                "type": "zip",
                "url": "https://api.github.com/repos/symfony/HttpFoundation/zipball/15b10d4638fa232b2f9373d51213419ab511e816",
                "reference": "15b10d4638fa232b2f9373d51213419ab511e816",
                "shasum": ""
            },
            "require": {
                "php": ">=5.3.3"
            },
            "type": "library",
            "extra": {
                "branch-alias": {
                    "dev-master": "2.5-dev"
                }
            },
            "autoload": {
                "psr-0": {
                    "Symfony\\Component\\HttpFoundation\\": ""
                },
                "classmap": [
                    "Symfony/Component/HttpFoundation/Resources/stubs"
                ]
            },
            "notification-url": "https://packagist.org/downloads/",
            "license": [
                "MIT"
            ],
            "authors": [
                {
                    "name": "Fabien Potencier",
                    "email": "fabien@symfony.com"
                },
                {
                    "name": "Symfony Community",
                    "homepage": "http://symfony.com/contributors"
                }
            ],
            "description": "Symfony HttpFoundation Component",
            "homepage": "http://symfony.com",
            "time": "2014-01-07 13:29:57"
        },
        {
            "name": "symfony/http-kernel",
            "version": "dev-master",
            "target-dir": "Symfony/Component/HttpKernel",
            "source": {
                "type": "git",
                "url": "https://github.com/symfony/HttpKernel.git",
                "reference": "0a62c02c6a8eabd4685f08a2976b6def35b6bd50"
            },
            "dist": {
                "type": "zip",
                "url": "https://api.github.com/repos/symfony/HttpKernel/zipball/0a62c02c6a8eabd4685f08a2976b6def35b6bd50",
                "reference": "0a62c02c6a8eabd4685f08a2976b6def35b6bd50",
                "shasum": ""
            },
            "require": {
                "php": ">=5.3.3",
                "psr/log": "~1.0",
                "symfony/debug": "~2.3",
                "symfony/event-dispatcher": "~2.1",
                "symfony/http-foundation": "~2.4"
            },
            "require-dev": {
                "symfony/browser-kit": "~2.2",
                "symfony/class-loader": "~2.1",
                "symfony/config": "~2.0",
                "symfony/console": "~2.2",
                "symfony/dependency-injection": "~2.0",
                "symfony/finder": "~2.0",
                "symfony/process": "~2.0",
                "symfony/routing": "~2.2",
                "symfony/stopwatch": "~2.2",
                "symfony/templating": "~2.2"
            },
            "suggest": {
                "symfony/browser-kit": "",
                "symfony/class-loader": "",
                "symfony/config": "",
                "symfony/console": "",
                "symfony/dependency-injection": "",
                "symfony/finder": ""
            },
            "type": "library",
            "extra": {
                "branch-alias": {
                    "dev-master": "2.5-dev"
                }
            },
            "autoload": {
                "psr-0": {
                    "Symfony\\Component\\HttpKernel\\": ""
                }
            },
            "notification-url": "https://packagist.org/downloads/",
            "license": [
                "MIT"
            ],
            "authors": [
                {
                    "name": "Fabien Potencier",
                    "email": "fabien@symfony.com"
                },
                {
                    "name": "Symfony Community",
                    "homepage": "http://symfony.com/contributors"
                }
            ],
            "description": "Symfony HttpKernel Component",
            "homepage": "http://symfony.com",
            "time": "2014-01-24 14:36:35"
        },
        {
            "name": "symfony/routing",
            "version": "dev-master",
            "target-dir": "Symfony/Component/Routing",
            "source": {
                "type": "git",
                "url": "https://github.com/symfony/Routing.git",
                "reference": "b82be802ea578ca94366ad88c8a3970bf78976b4"
            },
            "dist": {
                "type": "zip",
                "url": "https://api.github.com/repos/symfony/Routing/zipball/b82be802ea578ca94366ad88c8a3970bf78976b4",
                "reference": "b82be802ea578ca94366ad88c8a3970bf78976b4",
                "shasum": ""
            },
            "require": {
                "php": ">=5.3.3"
            },
            "require-dev": {
                "doctrine/annotations": "~1.0",
                "psr/log": "~1.0",
                "symfony/config": "~2.2",
                "symfony/expression-language": "~2.4",
                "symfony/yaml": "~2.0"
            },
            "suggest": {
                "doctrine/annotations": "For using the annotation loader",
                "symfony/config": "For using the all-in-one router or any loader",
                "symfony/expression-language": "For using expression matching",
                "symfony/yaml": "For using the YAML loader"
            },
            "type": "library",
            "extra": {
                "branch-alias": {
                    "dev-master": "2.5-dev"
                }
            },
            "autoload": {
                "psr-0": {
                    "Symfony\\Component\\Routing\\": ""
                }
            },
            "notification-url": "https://packagist.org/downloads/",
            "license": [
                "MIT"
            ],
            "authors": [
                {
                    "name": "Fabien Potencier",
                    "email": "fabien@symfony.com"
                },
                {
                    "name": "Symfony Community",
                    "homepage": "http://symfony.com/contributors"
                }
            ],
            "description": "Symfony Routing Component",
            "homepage": "http://symfony.com",
            "keywords": [
                "router",
                "routing",
                "uri",
                "url"
            ],
            "time": "2014-01-26 21:33:16"
        }
    ],
    "packages-dev": [
        {
            "name": "silex/web-profiler",
            "version": "dev-master",
            "target-dir": "Silex/Provider",
            "source": {
                "type": "git",
                "url": "https://github.com/silexphp/Silex-WebProfiler.git",
                "reference": "06bd4fcd563d1e114e5c1768dd87da771846fee6"
            },
            "dist": {
                "type": "zip",
                "url": "https://api.github.com/repos/silexphp/Silex-WebProfiler/zipball/06bd4fcd563d1e114e5c1768dd87da771846fee6",
                "reference": "06bd4fcd563d1e114e5c1768dd87da771846fee6",
                "shasum": ""
            },
            "require": {
                "silex/silex": "~1.0",
                "symfony/stopwatch": "~2.2",
                "symfony/web-profiler-bundle": "~2.2"
            },
            "type": "library",
            "extra": {
                "branch-alias": {
                    "dev-master": "1.0.x-dev"
                }
            },
            "autoload": {
                "psr-0": {
                    "Silex\\Provider\\": ""
                }
            },
            "notification-url": "https://packagist.org/downloads/",
            "license": [
                "MIT"
            ],
            "authors": [
                {
                    "name": "Fabien Potencier",
                    "email": "fabien@symfony.com"
                }
            ],
            "description": "A WebProfiler for Silex",
            "homepage": "http://silex.sensiolabs.org/",
            "time": "2013-12-05 21:22:21"
        },
        {
            "name": "symfony/security-core",
            "version": "dev-master",
            "target-dir": "Symfony/Component/Security/Core",
            "source": {
                "type": "git",
                "url": "https://github.com/symfony/security-core.git",
                "reference": "a22cc4922be260ea8931bf7ca5ff3f9ce9074273"
            },
            "dist": {
                "type": "zip",
                "url": "https://api.github.com/repos/symfony/security-core/zipball/a22cc4922be260ea8931bf7ca5ff3f9ce9074273",
                "reference": "a22cc4922be260ea8931bf7ca5ff3f9ce9074273",
                "shasum": ""
            },
            "require": {
                "php": ">=5.3.3"
            },
            "require-dev": {
                "ircmaxell/password-compat": "1.0.*",
                "psr/log": "~1.0",
                "symfony/event-dispatcher": "~2.1",
                "symfony/expression-language": "~2.4",
                "symfony/http-foundation": "~2.4",
                "symfony/validator": "~2.2"
            },
            "suggest": {
                "ircmaxell/password-compat": "For using the BCrypt password encoder in PHP <5.5",
                "symfony/event-dispatcher": "",
                "symfony/expression-language": "For using the expression voter",
                "symfony/http-foundation": "",
                "symfony/validator": "For using the user password constraint"
            },
            "type": "library",
            "extra": {
                "branch-alias": {
                    "dev-master": "2.5-dev"
                }
            },
            "autoload": {
                "psr-0": {
                    "Symfony\\Component\\Security\\Core\\": ""
                }
            },
            "notification-url": "https://packagist.org/downloads/",
            "license": [
                "MIT"
            ],
            "authors": [
                {
                    "name": "Fabien Potencier",
                    "email": "fabien@symfony.com"
                },
                {
                    "name": "Symfony Community",
                    "homepage": "http://symfony.com/contributors"
                }
            ],
            "description": "Symfony Security Component - Core Library",
            "homepage": "http://symfony.com",
            "time": "2014-01-24 14:36:35"
        },
        {
            "name": "symfony/security-csrf",
            "version": "dev-master",
            "target-dir": "Symfony/Component/Security/Csrf",
            "source": {
                "type": "git",
                "url": "https://github.com/symfony/security-csrf.git",
                "reference": "c1c981940646d58c9e0bfc568cd55bbbffb6a42f"
            },
            "dist": {
                "type": "zip",
                "url": "https://api.github.com/repos/symfony/security-csrf/zipball/c1c981940646d58c9e0bfc568cd55bbbffb6a42f",
                "reference": "c1c981940646d58c9e0bfc568cd55bbbffb6a42f",
                "shasum": ""
            },
            "require": {
                "php": ">=5.3.3",
                "symfony/security-core": "~2.4"
            },
            "require-dev": {
                "symfony/http-foundation": "~2.1"
            },
            "suggest": {
                "symfony/http-foundation": "For using the class SessionTokenStorage."
            },
            "type": "library",
            "extra": {
                "branch-alias": {
                    "dev-master": "2.5-dev"
                }
            },
            "autoload": {
                "psr-0": {
                    "Symfony\\Component\\Security\\Csrf\\": ""
                }
            },
            "notification-url": "https://packagist.org/downloads/",
            "license": [
                "MIT"
            ],
            "authors": [
                {
                    "name": "Fabien Potencier",
                    "email": "fabien@symfony.com"
                },
                {
                    "name": "Symfony Community",
                    "homepage": "http://symfony.com/contributors"
                }
            ],
            "description": "Symfony Security Component - CSRF Library",
            "homepage": "http://symfony.com",
            "time": "2014-01-07 13:29:57"
        },
        {
            "name": "symfony/stopwatch",
            "version": "dev-master",
            "target-dir": "Symfony/Component/Stopwatch",
            "source": {
                "type": "git",
                "url": "https://github.com/symfony/Stopwatch.git",
                "reference": "21a5c7490347b3128daae7f44dfa36aaacb624f9"
            },
            "dist": {
                "type": "zip",
                "url": "https://api.github.com/repos/symfony/Stopwatch/zipball/21a5c7490347b3128daae7f44dfa36aaacb624f9",
                "reference": "21a5c7490347b3128daae7f44dfa36aaacb624f9",
                "shasum": ""
            },
            "require": {
                "php": ">=5.3.3"
            },
            "type": "library",
            "extra": {
                "branch-alias": {
                    "dev-master": "2.5-dev"
                }
            },
            "autoload": {
                "psr-0": {
                    "Symfony\\Component\\Stopwatch\\": ""
                }
            },
            "notification-url": "https://packagist.org/downloads/",
            "license": [
                "MIT"
            ],
            "authors": [
                {
                    "name": "Fabien Potencier",
                    "email": "fabien@symfony.com"
                },
                {
                    "name": "Symfony Community",
                    "homepage": "http://symfony.com/contributors"
                }
            ],
            "description": "Symfony Stopwatch Component",
            "homepage": "http://symfony.com",
            "time": "2014-01-07 13:29:57"
        },
        {
            "name": "symfony/twig-bridge",
            "version": "dev-master",
            "target-dir": "Symfony/Bridge/Twig",
            "source": {
                "type": "git",
                "url": "https://github.com/symfony/TwigBridge.git",
                "reference": "0be0925cc2c7f69f4c2320b36be7eb9e5029daf0"
            },
            "dist": {
                "type": "zip",
                "url": "https://api.github.com/repos/symfony/TwigBridge/zipball/0be0925cc2c7f69f4c2320b36be7eb9e5029daf0",
                "reference": "0be0925cc2c7f69f4c2320b36be7eb9e5029daf0",
                "shasum": ""
            },
            "require": {
                "php": ">=5.3.3",
                "symfony/security-csrf": "~2.4",
                "twig/twig": "~1.12"
            },
            "require-dev": {
                "symfony/console": "~2.2",
                "symfony/expression-language": "~2.4",
                "symfony/form": "~2.2",
                "symfony/http-kernel": "~2.2",
                "symfony/routing": "~2.2",
                "symfony/security": "~2.4",
                "symfony/stopwatch": "~2.2",
                "symfony/templating": "~2.1",
                "symfony/translation": "~2.2",
                "symfony/yaml": "~2.0"
            },
            "suggest": {
                "symfony/expression": "For using the ExpressionExtension",
                "symfony/form": "For using the FormExtension",
                "symfony/http-kernel": "For using the HttpKernelExtension",
                "symfony/routing": "For using the RoutingExtension",
                "symfony/security": "For using the SecurityExtension",
                "symfony/stopwatch": "For using the StopwatchExtension",
                "symfony/templating": "For using the TwigEngine",
                "symfony/translation": "For using the TranslationExtension",
                "symfony/yaml": "For using the YamlExtension"
            },
            "type": "symfony-bridge",
            "extra": {
                "branch-alias": {
                    "dev-master": "2.5-dev"
                }
            },
            "autoload": {
                "psr-0": {
                    "Symfony\\Bridge\\Twig\\": ""
                }
            },
            "notification-url": "https://packagist.org/downloads/",
            "license": [
                "MIT"
            ],
            "authors": [
                {
                    "name": "Fabien Potencier",
                    "email": "fabien@symfony.com"
                },
                {
                    "name": "Symfony Community",
                    "homepage": "http://symfony.com/contributors"
                }
            ],
            "description": "Symfony Twig Bridge",
            "homepage": "http://symfony.com",
            "time": "2014-01-26 21:33:16"
        },
        {
            "name": "symfony/web-profiler-bundle",
            "version": "dev-master",
            "target-dir": "Symfony/Bundle/WebProfilerBundle",
            "source": {
                "type": "git",
                "url": "https://github.com/symfony/WebProfilerBundle.git",
                "reference": "ca3b2e3670cb3e03035f0427b4691e1ab35366ff"
            },
            "dist": {
                "type": "zip",
                "url": "https://api.github.com/repos/symfony/WebProfilerBundle/zipball/ca3b2e3670cb3e03035f0427b4691e1ab35366ff",
                "reference": "ca3b2e3670cb3e03035f0427b4691e1ab35366ff",
                "shasum": ""
            },
            "require": {
                "php": ">=5.3.3",
                "symfony/http-kernel": "~2.2",
                "symfony/routing": "~2.2",
                "symfony/twig-bridge": "~2.2"
            },
            "require-dev": {
                "symfony/config": "~2.2",
                "symfony/dependency-injection": "~2.0",
                "symfony/stopwatch": "~2.2"
            },
            "type": "symfony-bundle",
            "extra": {
                "branch-alias": {
                    "dev-master": "2.5-dev"
                }
            },
            "autoload": {
                "psr-0": {
                    "Symfony\\Bundle\\WebProfilerBundle\\": ""
                }
            },
            "notification-url": "https://packagist.org/downloads/",
            "license": [
                "MIT"
            ],
            "authors": [
                {
                    "name": "Fabien Potencier",
                    "email": "fabien@symfony.com"
                },
                {
                    "name": "Symfony Community",
                    "homepage": "http://symfony.com/contributors"
                }
            ],
            "description": "Symfony WebProfilerBundle",
            "homepage": "http://symfony.com",
            "time": "2014-01-14 16:13:05"
        },
        {
            "name": "twig/twig",
            "version": "dev-master",
            "source": {
                "type": "git",
                "url": "https://github.com/fabpot/Twig.git",
                "reference": "46a58528de9d9fba7e281d4180519edb558c8f8f"
            },
            "dist": {
                "type": "zip",
                "url": "https://api.github.com/repos/fabpot/Twig/zipball/46a58528de9d9fba7e281d4180519edb558c8f8f",
                "reference": "46a58528de9d9fba7e281d4180519edb558c8f8f",
                "shasum": ""
            },
            "require": {
                "php": ">=5.2.4"
            },
            "type": "library",
            "extra": {
                "branch-alias": {
                    "dev-master": "1.15-dev"
                }
            },
            "autoload": {
                "psr-0": {
                    "Twig_": "lib/"
                }
            },
            "notification-url": "https://packagist.org/downloads/",
            "license": [
                "BSD-3-Clause"
            ],
            "authors": [
                {
                    "name": "Fabien Potencier",
                    "email": "fabien@symfony.com"
                },
                {
                    "name": "Armin Ronacher",
                    "email": "armin.ronacher@active-4.com"
                }
            ],
            "description": "Twig, the flexible, fast, and secure template language for PHP",
            "homepage": "http://twig.sensiolabs.org",
            "keywords": [
                "templating"
            ],
            "time": "2014-01-28 06:09:19"
        }
    ],
    "aliases": [

    ],
    "minimum-stability": "dev",
    "stability-flags": {
        "silex/web-profiler": 20
    },
    "platform": [

    ],
    "platform-dev": [

    ]
}
